
Microsoft Visual Studio Solution File, Format Version 12.00
# Visual Studio 14
VisualStudioVersion = 14.0.23107.0
MinimumVisualStudioVersion = 10.0.40219.1
Project("{FAE04EC0-301F-11D3-BF4B-00C04F79EFBC}") = "sky-bot", "sky-bot\sky-bot.csproj", "{56A7B89A-375D-42C6-A6DA-2325036E1DA5}"
EndProject
Global
	GlobalSection(SolutionConfigurationPlatforms) = preSolution
		Debug|Any CPU = Debug|Any CPU
		Release|Any CPU = Release|Any CPU
	EndGlobalSection
	GlobalSection(ProjectConfigurationPlatforms) = postSolution
		{56A7B89A-375D-42C6-A6DA-2325036E1DA5}.Debug|Any CPU.ActiveCfg = Debug|Any CPU
		{56A7B89A-375D-42C6-A6DA-2325036E1DA5}.Debug|Any CPU.Build.0 = Debug|Any CPU
		{56A7B89A-375D-42C6-A6DA-2325036E1DA5}.Release|Any CPU.ActiveCfg = Release|Any CPU
		{56A7B89A-375D-42C6-A6DA-2325036E1DA5}.Release|Any CPU.Build.0 = Release|Any CPU
	EndGlobalSection
	GlobalSection(SolutionProperties) = preSolution
		HideSolutionNode = FALSE
	EndGlobalSection
EndGlobal
